
Microsoft Visual Studio Solution File, Format Version 12.00
# Visual Studio 15
VisualStudioVersion = 15.0.27703.2042
MinimumVisualStudioVersion = 10.0.40219.1
Project("{9A19103F-16F7-4668-BE54-9A1E7A4F7556}") = "Vp.Rest.Client", "Vp.Rest.Client\Vp.Rest.Client.csproj", "{97B4BDEF-965F-47A3-A7B8-6DF6C60471E1}"
EndProject
Project("{2150E333-8FDC-42A3-9474-1A3956D46DE8}") = "src", "src", "{843B4471-E734-4738-B84B-3F88022D145C}"
EndProject
Project("{2150E333-8FDC-42A3-9474-1A3956D46DE8}") = "tests", "tests", "{C8AF3210-811D-450E-9817-FCB3728AA548}"
EndProject
Project("{2150E333-8FDC-42A3-9474-1A3956D46DE8}") = "sample", "sample", "{6EA35250-29EF-4079-A01A-A90115AE864E}"
EndProject
Project("{9A19103F-16F7-4668-BE54-9A1E7A4F7556}") = "Sample.ClientApi", "Sample.Google\Sample.ClientApi.csproj", "{C832246A-D8C3-48C8-AE67-9888E324D8E7}"
EndProject
Project("{9A19103F-16F7-4668-BE54-9A1E7A4F7556}") = "Vp.Rest.Client.MsTests", "Vp.Rest.Client.MsTests\Vp.Rest.Client.MsTests.csproj", "{3F13BE24-FA88-4565-92B1-88F05827A681}"
EndProject
Global
	GlobalSection(SolutionConfigurationPlatforms) = preSolution
		Debug|Any CPU = Debug|Any CPU
		Release|Any CPU = Release|Any CPU
	EndGlobalSection
	GlobalSection(ProjectConfigurationPlatforms) = postSolution
		{97B4BDEF-965F-47A3-A7B8-6DF6C60471E1}.Debug|Any CPU.ActiveCfg = Debug|Any CPU
		{97B4BDEF-965F-47A3-A7B8-6DF6C60471E1}.Debug|Any CPU.Build.0 = Debug|Any CPU
		{97B4BDEF-965F-47A3-A7B8-6DF6C60471E1}.Release|Any CPU.ActiveCfg = Release|Any CPU
		{97B4BDEF-965F-47A3-A7B8-6DF6C60471E1}.Release|Any CPU.Build.0 = Release|Any CPU
		{C832246A-D8C3-48C8-AE67-9888E324D8E7}.Debug|Any CPU.ActiveCfg = Debug|Any CPU
		{C832246A-D8C3-48C8-AE67-9888E324D8E7}.Debug|Any CPU.Build.0 = Debug|Any CPU
		{C832246A-D8C3-48C8-AE67-9888E324D8E7}.Release|Any CPU.ActiveCfg = Release|Any CPU
		{C832246A-D8C3-48C8-AE67-9888E324D8E7}.Release|Any CPU.Build.0 = Release|Any CPU
		{3F13BE24-FA88-4565-92B1-88F05827A681}.Debug|Any CPU.ActiveCfg = Debug|Any CPU
		{3F13BE24-FA88-4565-92B1-88F05827A681}.Debug|Any CPU.Build.0 = Debug|Any CPU
		{3F13BE24-FA88-4565-92B1-88F05827A681}.Release|Any CPU.ActiveCfg = Release|Any CPU
		{3F13BE24-FA88-4565-92B1-88F05827A681}.Release|Any CPU.Build.0 = Release|Any CPU
	EndGlobalSection
	GlobalSection(SolutionProperties) = preSolution
		HideSolutionNode = FALSE
	EndGlobalSection
	GlobalSection(NestedProjects) = preSolution
		{97B4BDEF-965F-47A3-A7B8-6DF6C60471E1} = {843B4471-E734-4738-B84B-3F88022D145C}
		{C832246A-D8C3-48C8-AE67-9888E324D8E7} = {6EA35250-29EF-4079-A01A-A90115AE864E}
		{3F13BE24-FA88-4565-92B1-88F05827A681} = {C8AF3210-811D-450E-9817-FCB3728AA548}
	EndGlobalSection
	GlobalSection(ExtensibilityGlobals) = postSolution
		SolutionGuid = {829B5AD7-A6C7-4ADB-AE0E-257D384A8146}
	EndGlobalSection
EndGlobal
